// !$*UTF8*$!
{
	archiveVersion = 1;
	classes = {
	};
	objectVersion = 56;
	objects = {

/* Begin PBXBuildFile section */
		18B645292B6E17F200F57F3D /* RedFinTestSwiftUIApp.swift in Sources */ = {isa = PBXBuildFile; fileRef = 18B645282B6E17F200F57F3D /* RedFinTestSwiftUIApp.swift */; };
		18B6452D2B6E17F200F57F3D /* Assets.xcassets in Resources */ = {isa = PBXBuildFile; fileRef = 18B6452C2B6E17F200F57F3D /* Assets.xcassets */; };
		18B645302B6E17F200F57F3D /* Preview Assets.xcassets in Resources */ = {isa = PBXBuildFile; fileRef = 18B6452F2B6E17F200F57F3D /* Preview Assets.xcassets */; };
		18B6453A2B6E17F300F57F3D /* RedFinTestSwiftUITests.swift in Sources */ = {isa = PBXBuildFile; fileRef = 18B645392B6E17F300F57F3D /* RedFinTestSwiftUITests.swift */; };
		18B645442B6E17F300F57F3D /* RedFinTestSwiftUIUITests.swift in Sources */ = {isa = PBXBuildFile; fileRef = 18B645432B6E17F300F57F3D /* RedFinTestSwiftUIUITests.swift */; };
		18B645462B6E17F300F57F3D /* RedFinTestSwiftUIUITestsLaunchTests.swift in Sources */ = {isa = PBXBuildFile; fileRef = 18B645452B6E17F300F57F3D /* RedFinTestSwiftUIUITestsLaunchTests.swift */; };
		18B6455B2B6E189200F57F3D /* MainView.swift in Sources */ = {isa = PBXBuildFile; fileRef = 18B6455A2B6E189200F57F3D /* MainView.swift */; };
		18B6455F2B6E18AB00F57F3D /* MainViewModel.swift in Sources */ = {isa = PBXBuildFile; fileRef = 18B6455E2B6E18AB00F57F3D /* MainViewModel.swift */; };
		18B645612B6E18BC00F57F3D /* MainModel.swift in Sources */ = {isa = PBXBuildFile; fileRef = 18B645602B6E18BC00F57F3D /* MainModel.swift */; };
		18B645632B6E18C600F57F3D /* MapView.swift in Sources */ = {isa = PBXBuildFile; fileRef = 18B645622B6E18C600F57F3D /* MapView.swift */; };
		18B6456A2B6E18F100F57F3D /* MapViewModel.swift in Sources */ = {isa = PBXBuildFile; fileRef = 18B645692B6E18F100F57F3D /* MapViewModel.swift */; };
		18B6456D2B6E1AA000F57F3D /* DateExtension.swift in Sources */ = {isa = PBXBuildFile; fileRef = 18B6456C2B6E1AA000F57F3D /* DateExtension.swift */; };
		18B6456F2B6E1AA800F57F3D /* StringExtension.swift in Sources */ = {isa = PBXBuildFile; fileRef = 18B6456E2B6E1AA800F57F3D /* StringExtension.swift */; };
		18B645712B6E1B4900F57F3D /* FoodTruckError.swift in Sources */ = {isa = PBXBuildFile; fileRef = 18B645702B6E1B4900F57F3D /* FoodTruckError.swift */; };
		18B645732B6E20B900F57F3D /* FoodTruckAnnotation.swift in Sources */ = {isa = PBXBuildFile; fileRef = 18B645722B6E20B900F57F3D /* FoodTruckAnnotation.swift */; };
		18B645752B6E218E00F57F3D /* PlaceModel.swift in Sources */ = {isa = PBXBuildFile; fileRef = 18B645742B6E218E00F57F3D /* PlaceModel.swift */; };
/* End PBXBuildFile section */

/* Begin PBXContainerItemProxy section */
		18B645362B6E17F300F57F3D /* PBXContainerItemProxy */ = {
			isa = PBXContainerItemProxy;
			containerPortal = 18B6451D2B6E17F100F57F3D /* Project object */;
			proxyType = 1;
			remoteGlobalIDString = 18B645242B6E17F200F57F3D;
			remoteInfo = RedFinTestSwiftUI;
		};
		18B645402B6E17F300F57F3D /* PBXContainerItemProxy */ = {
			isa = PBXContainerItemProxy;
			containerPortal = 18B6451D2B6E17F100F57F3D /* Project object */;
			proxyType = 1;
			remoteGlobalIDString = 18B645242B6E17F200F57F3D;
			remoteInfo = RedFinTestSwiftUI;
		};
/* End PBXContainerItemProxy section */

/* Begin PBXFileReference section */
		18B645252B6E17F200F57F3D /* RedFinTestSwiftUI.app */ = {isa = PBXFileReference; explicitFileType = wrapper.application; includeInIndex = 0; path = RedFinTestSwiftUI.app; sourceTree = BUILT_PRODUCTS_DIR; };
		18B645282B6E17F200F57F3D /* RedFinTestSwiftUIApp.swift */ = {isa = PBXFileReference; lastKnownFileType = sourcecode.swift; path = RedFinTestSwiftUIApp.swift; sourceTree = "<group>"; };
		18B6452C2B6E17F200F57F3D /* Assets.xcassets */ = {isa = PBXFileReference; lastKnownFileType = folder.assetcatalog; path = Assets.xcassets; sourceTree = "<group>"; };
		18B6452F2B6E17F200F57F3D /* Preview Assets.xcassets */ = {isa = PBXFileReference; lastKnownFileType = folder.assetcatalog; path = "Preview Assets.xcassets"; sourceTree = "<group>"; };
		18B645352B6E17F300F57F3D /* RedFinTestSwiftUITests.xctest */ = {isa = PBXFileReference; explicitFileType = wrapper.cfbundle; includeInIndex = 0; path = RedFinTestSwiftUITests.xctest; sourceTree = BUILT_PRODUCTS_DIR; };
		18B645392B6E17F300F57F3D /* RedFinTestSwiftUITests.swift */ = {isa = PBXFileReference; lastKnownFileType = sourcecode.swift; path = RedFinTestSwiftUITests.swift; sourceTree = "<group>"; };
		18B6453F2B6E17F300F57F3D /* RedFinTestSwiftUIUITests.xctest */ = {isa = PBXFileReference; explicitFileType = wrapper.cfbundle; includeInIndex = 0; path = RedFinTestSwiftUIUITests.xctest; sourceTree = BUILT_PRODUCTS_DIR; };
		18B645432B6E17F300F57F3D /* RedFinTestSwiftUIUITests.swift */ = {isa = PBXFileReference; lastKnownFileType = sourcecode.swift; path = RedFinTestSwiftUIUITests.swift; sourceTree = "<group>"; };
		18B645452B6E17F300F57F3D /* RedFinTestSwiftUIUITestsLaunchTests.swift */ = {isa = PBXFileReference; lastKnownFileType = sourcecode.swift; path = RedFinTestSwiftUIUITestsLaunchTests.swift; sourceTree = "<group>"; };
		18B6455A2B6E189200F57F3D /* MainView.swift */ = {isa = PBXFileReference; lastKnownFileType = sourcecode.swift; path = MainView.swift; sourceTree = "<group>"; };
		18B6455E2B6E18AB00F57F3D /* MainViewModel.swift */ = {isa = PBXFileReference; lastKnownFileType = sourcecode.swift; path = MainViewModel.swift; sourceTree = "<group>"; };
		18B645602B6E18BC00F57F3D /* MainModel.swift */ = {isa = PBXFileReference; lastKnownFileType = sourcecode.swift; path = MainModel.swift; sourceTree = "<group>"; };
		18B645622B6E18C600F57F3D /* MapView.swift */ = {isa = PBXFileReference; lastKnownFileType = sourcecode.swift; path = MapView.swift; sourceTree = "<group>"; };
		18B645692B6E18F100F57F3D /* MapViewModel.swift */ = {isa = PBXFileReference; lastKnownFileType = sourcecode.swift; path = MapViewModel.swift; sourceTree = "<group>"; };
		18B6456C2B6E1AA000F57F3D /* DateExtension.swift */ = {isa = PBXFileReference; lastKnownFileType = sourcecode.swift; path = DateExtension.swift; sourceTree = "<group>"; };
		18B6456E2B6E1AA800F57F3D /* StringExtension.swift */ = {isa = PBXFileReference; lastKnownFileType = sourcecode.swift; path = StringExtension.swift; sourceTree = "<group>"; };
		18B645702B6E1B4900F57F3D /* FoodTruckError.swift */ = {isa = PBXFileReference; lastKnownFileType = sourcecode.swift; path = FoodTruckError.swift; sourceTree = "<group>"; };
		18B645722B6E20B900F57F3D /* FoodTruckAnnotation.swift */ = {isa = PBXFileReference; lastKnownFileType = sourcecode.swift; path = FoodTruckAnnotation.swift; sourceTree = "<group>"; };
		18B645742B6E218E00F57F3D /* PlaceModel.swift */ = {isa = PBXFileReference; lastKnownFileType = sourcecode.swift; path = PlaceModel.swift; sourceTree = "<group>"; };
/* End PBXFileReference section */

/* Begin PBXFrameworksBuildPhase section */
		18B645222B6E17F200F57F3D /* Frameworks */ = {
			isa = PBXFrameworksBuildPhase;
			buildActionMask = 2147483647;
			files = (
			);
			runOnlyForDeploymentPostprocessing = 0;
		};
		18B645322B6E17F300F57F3D /* Frameworks */ = {
			isa = PBXFrameworksBuildPhase;
			buildActionMask = 2147483647;
			files = (
			);
			runOnlyForDeploymentPostprocessing = 0;
		};
		18B6453C2B6E17F300F57F3D /* Frameworks */ = {
			isa = PBXFrameworksBuildPhase;
			buildActionMask = 2147483647;
			files = (
			);
			runOnlyForDeploymentPostprocessing = 0;
		};
/* End PBXFrameworksBuildPhase section */

/* Begin PBXGroup section */
		18B6451C2B6E17F100F57F3D = {
			isa = PBXGroup;
			children = (
				18B645272B6E17F200F57F3D /* RedFinTestSwiftUI */,
				18B645382B6E17F300F57F3D /* RedFinTestSwiftUITests */,
				18B645422B6E17F300F57F3D /* RedFinTestSwiftUIUITests */,
				18B645262B6E17F200F57F3D /* Products */,
			);
			sourceTree = "<group>";
		};
		18B645262B6E17F200F57F3D /* Products */ = {
			isa = PBXGroup;
			children = (
				18B645252B6E17F200F57F3D /* RedFinTestSwiftUI.app */,
				18B645352B6E17F300F57F3D /* RedFinTestSwiftUITests.xctest */,
				18B6453F2B6E17F300F57F3D /* RedFinTestSwiftUIUITests.xctest */,
			);
			name = Products;
			sourceTree = "<group>";
		};
		18B645272B6E17F200F57F3D /* RedFinTestSwiftUI */ = {
			isa = PBXGroup;
			children = (
				18B6456B2B6E1A8800F57F3D /* Utils */,
				18B645282B6E17F200F57F3D /* RedFinTestSwiftUIApp.swift */,
				18B645522B6E181000F57F3D /* MainView */,
				18B645532B6E181800F57F3D /* MapView */,
				18B6452C2B6E17F200F57F3D /* Assets.xcassets */,
				18B6452E2B6E17F200F57F3D /* Preview Content */,
			);
			path = RedFinTestSwiftUI;
			sourceTree = "<group>";
		};
		18B6452E2B6E17F200F57F3D /* Preview Content */ = {
			isa = PBXGroup;
			children = (
				18B6452F2B6E17F200F57F3D /* Preview Assets.xcassets */,
			);
			path = "Preview Content";
			sourceTree = "<group>";
		};
		18B645382B6E17F300F57F3D /* RedFinTestSwiftUITests */ = {
			isa = PBXGroup;
			children = (
				18B645392B6E17F300F57F3D /* RedFinTestSwiftUITests.swift */,
			);
			path = RedFinTestSwiftUITests;
			sourceTree = "<group>";
		};
		18B645422B6E17F300F57F3D /* RedFinTestSwiftUIUITests */ = {
			isa = PBXGroup;
			children = (
				18B645432B6E17F300F57F3D /* RedFinTestSwiftUIUITests.swift */,
				18B645452B6E17F300F57F3D /* RedFinTestSwiftUIUITestsLaunchTests.swift */,
			);
			path = RedFinTestSwiftUIUITests;
			sourceTree = "<group>";
		};
		18B645522B6E181000F57F3D /* MainView */ = {
			isa = PBXGroup;
			children = (
				18B645592B6E184500F57F3D /* View */,
				18B645582B6E183E00F57F3D /* ViewModel */,
				18B645572B6E183A00F57F3D /* Model */,
			);
			path = MainView;
			sourceTree = "<group>";
		};
		18B645532B6E181800F57F3D /* MapView */ = {
			isa = PBXGroup;
			children = (
				18B645562B6E183300F57F3D /* View */,
				18B645552B6E182B00F57F3D /* ViewModel */,
				18B645542B6E182100F57F3D /* Model */,
			);
			path = MapView;
			sourceTree = "<group>";
		};
		18B645542B6E182100F57F3D /* Model */ = {
			isa = PBXGroup;
			children = (
				18B645742B6E218E00F57F3D /* PlaceModel.swift */,
			);
			path = Model;
			sourceTree = "<group>";
		};
		18B645552B6E182B00F57F3D /* ViewModel */ = {
			isa = PBXGroup;
			children = (
				18B645692B6E18F100F57F3D /* MapViewModel.swift */,
			);
			path = ViewModel;
			sourceTree = "<group>";
		};
		18B645562B6E183300F57F3D /* View */ = {
			isa = PBXGroup;
			children = (
				18B645622B6E18C600F57F3D /* MapView.swift */,
				18B645722B6E20B900F57F3D /* FoodTruckAnnotation.swift */,
			);
			path = View;
			sourceTree = "<group>";
		};
		18B645572B6E183A00F57F3D /* Model */ = {
			isa = PBXGroup;
			children = (
				18B645602B6E18BC00F57F3D /* MainModel.swift */,
			);
			path = Model;
			sourceTree = "<group>";
		};
		18B645582B6E183E00F57F3D /* ViewModel */ = {
			isa = PBXGroup;
			children = (
				18B6455E2B6E18AB00F57F3D /* MainViewModel.swift */,
			);
			path = ViewModel;
			sourceTree = "<group>";
		};
		18B645592B6E184500F57F3D /* View */ = {
			isa = PBXGroup;
			children = (
				18B6455A2B6E189200F57F3D /* MainView.swift */,
			);
			path = View;
			sourceTree = "<group>";
		};
		18B6456B2B6E1A8800F57F3D /* Utils */ = {
			isa = PBXGroup;
			children = (
				18B6456C2B6E1AA000F57F3D /* DateExtension.swift */,
				18B6456E2B6E1AA800F57F3D /* StringExtension.swift */,
				18B645702B6E1B4900F57F3D /* FoodTruckError.swift */,
			);
			path = Utils;
			sourceTree = "<group>";
		};
/* End PBXGroup section */

/* Begin PBXNativeTarget section */
		18B645242B6E17F200F57F3D /* RedFinTestSwiftUI */ = {
			isa = PBXNativeTarget;
			buildConfigurationList = 18B645492B6E17F300F57F3D /* Build configuration list for PBXNativeTarget "RedFinTestSwiftUI" */;
			buildPhases = (
				18B645212B6E17F200F57F3D /* Sources */,
				18B645222B6E17F200F57F3D /* Frameworks */,
				18B645232B6E17F200F57F3D /* Resources */,
			);
			buildRules = (
			);
			dependencies = (
			);
			name = RedFinTestSwiftUI;
			productName = RedFinTestSwiftUI;
			productReference = 18B645252B6E17F200F57F3D /* RedFinTestSwiftUI.app */;
			productType = "com.apple.product-type.application";
		};
		18B645342B6E17F300F57F3D /* RedFinTestSwiftUITests */ = {
			isa = PBXNativeTarget;
			buildConfigurationList = 18B6454C2B6E17F300F57F3D /* Build configuration list for PBXNativeTarget "RedFinTestSwiftUITests" */;
			buildPhases = (
				18B645312B6E17F300F57F3D /* Sources */,
				18B645322B6E17F300F57F3D /* Frameworks */,
				18B645332B6E17F300F57F3D /* Resources */,
			);
			buildRules = (
			);
			dependencies = (
				18B645372B6E17F300F57F3D /* PBXTargetDependency */,
			);
			name = RedFinTestSwiftUITests;
			productName = RedFinTestSwiftUITests;
			productReference = 18B645352B6E17F300F57F3D /* RedFinTestSwiftUITests.xctest */;
			productType = "com.apple.product-type.bundle.unit-test";
		};
		18B6453E2B6E17F300F57F3D /* RedFinTestSwiftUIUITests */ = {
			isa = PBXNativeTarget;
			buildConfigurationList = 18B6454F2B6E17F300F57F3D /* Build configuration list for PBXNativeTarget "RedFinTestSwiftUIUITests" */;
			buildPhases = (
				18B6453B2B6E17F300F57F3D /* Sources */,
				18B6453C2B6E17F300F57F3D /* Frameworks */,
				18B6453D2B6E17F300F57F3D /* Resources */,
			);
			buildRules = (
			);
			dependencies = (
				18B645412B6E17F300F57F3D /* PBXTargetDependency */,
			);
			name = RedFinTestSwiftUIUITests;
			productName = RedFinTestSwiftUIUITests;
			productReference = 18B6453F2B6E17F300F57F3D /* RedFinTestSwiftUIUITests.xctest */;
			productType = "com.apple.product-type.bundle.ui-testing";
		};
/* End PBXNativeTarget section */

/* Begin PBXProject section */
		18B6451D2B6E17F100F57F3D /* Project object */ = {
			isa = PBXProject;
			attributes = {
				BuildIndependentTargetsInParallel = 1;
				LastSwiftUpdateCheck = 1510;
				LastUpgradeCheck = 1510;
				TargetAttributes = {
					18B645242B6E17F200F57F3D = {
						CreatedOnToolsVersion = 15.1;
					};
					18B645342B6E17F300F57F3D = {
						CreatedOnToolsVersion = 15.1;
						TestTargetID = 18B645242B6E17F200F57F3D;
					};
					18B6453E2B6E17F300F57F3D = {
						CreatedOnToolsVersion = 15.1;
						TestTargetID = 18B645242B6E17F200F57F3D;
					};
				};
			};
			buildConfigurationList = 18B645202B6E17F100F57F3D /* Build configuration list for PBXProject "RedFinTestSwiftUI" */;
			compatibilityVersion = "Xcode 14.0";
			developmentRegion = en;
			hasScannedForEncodings = 0;
			knownRegions = (
				en,
				Base,
			);
			mainGroup = 18B6451C2B6E17F100F57F3D;
			productRefGroup = 18B645262B6E17F200F57F3D /* Products */;
			projectDirPath = "";
			projectRoot = "";
			targets = (
				18B645242B6E17F200F57F3D /* RedFinTestSwiftUI */,
				18B645342B6E17F300F57F3D /* RedFinTestSwiftUITests */,
				18B6453E2B6E17F300F57F3D /* RedFinTestSwiftUIUITests */,
			);
		};
/* End PBXProject section */

/* Begin PBXResourcesBuildPhase section */
		18B645232B6E17F200F57F3D /* Resources */ = {
			isa = PBXResourcesBuildPhase;
			buildActionMask = 2147483647;
			files = (
				18B645302B6E17F200F57F3D /* Preview Assets.xcassets in Resources */,
				18B6452D2B6E17F200F57F3D /* Assets.xcassets in Resources */,
			);
			runOnlyForDeploymentPostprocessing = 0;
		};
		18B645332B6E17F300F57F3D /* Resources */ = {
			isa = PBXResourcesBuildPhase;
			buildActionMask = 2147483647;
			files = (
			);
			runOnlyForDeploymentPostprocessing = 0;
		};
		18B6453D2B6E17F300F57F3D /* Resources */ = {
			isa = PBXResourcesBuildPhase;
			buildActionMask = 2147483647;
			files = (
			);
			runOnlyForDeploymentPostprocessing = 0;
		};
/* End PBXResourcesBuildPhase section */

/* Begin PBXSourcesBuildPhase section */
		18B645212B6E17F200F57F3D /* Sources */ = {
			isa = PBXSourcesBuildPhase;
			buildActionMask = 2147483647;
			files = (
				18B645752B6E218E00F57F3D /* PlaceModel.swift in Sources */,
				18B6456D2B6E1AA000F57F3D /* DateExtension.swift in Sources */,
				18B645632B6E18C600F57F3D /* MapView.swift in Sources */,
				18B6455B2B6E189200F57F3D /* MainView.swift in Sources */,
				18B645712B6E1B4900F57F3D /* FoodTruckError.swift in Sources */,
				18B645292B6E17F200F57F3D /* RedFinTestSwiftUIApp.swift in Sources */,
				18B6456F2B6E1AA800F57F3D /* StringExtension.swift in Sources */,
				18B645612B6E18BC00F57F3D /* MainModel.swift in Sources */,
				18B6455F2B6E18AB00F57F3D /* MainViewModel.swift in Sources */,
				18B6456A2B6E18F100F57F3D /* MapViewModel.swift in Sources */,
				18B645732B6E20B900F57F3D /* FoodTruckAnnotation.swift in Sources */,
			);
			runOnlyForDeploymentPostprocessing = 0;
		};
		18B645312B6E17F300F57F3D /* Sources */ = {
			isa = PBXSourcesBuildPhase;
			buildActionMask = 2147483647;
			files = (
				18B6453A2B6E17F300F57F3D /* RedFinTestSwiftUITests.swift in Sources */,
			);
			runOnlyForDeploymentPostprocessing = 0;
		};
		18B6453B2B6E17F300F57F3D /* Sources */ = {
			isa = PBXSourcesBuildPhase;
			buildActionMask = 2147483647;
			files = (
				18B645462B6E17F300F57F3D /* RedFinTestSwiftUIUITestsLaunchTests.swift in Sources */,
				18B645442B6E17F300F57F3D /* RedFinTestSwiftUIUITests.swift in Sources */,
			);
			runOnlyForDeploymentPostprocessing = 0;
		};
/* End PBXSourcesBuildPhase section */

/* Begin PBXTargetDependency section */
		18B645372B6E17F300F57F3D /* PBXTargetDependency */ = {
			isa = PBXTargetDependency;
			target = 18B645242B6E17F200F57F3D /* RedFinTestSwiftUI */;
			targetProxy = 18B645362B6E17F300F57F3D /* PBXContainerItemProxy */;
		};
		18B645412B6E17F300F57F3D /* PBXTargetDependency */ = {
			isa = PBXTargetDependency;
			target = 18B645242B6E17F200F57F3D /* RedFinTestSwiftUI */;
			targetProxy = 18B645402B6E17F300F57F3D /* PBXContainerItemProxy */;
		};
/* End PBXTargetDependency section */

/* Begin XCBuildConfiguration section */
		18B645472B6E17F300F57F3D /* Debug */ = {
			isa = XCBuildConfiguration;
			buildSettings = {
				ALWAYS_SEARCH_USER_PATHS = NO;
				ASSETCATALOG_COMPILER_GENERATE_SWIFT_ASSET_SYMBOL_EXTENSIONS = YES;
				CLANG_ANALYZER_NONNULL = YES;
				CLANG_ANALYZER_NUMBER_OBJECT_CONVERSION = YES_AGGRESSIVE;
				CLANG_CXX_LANGUAGE_STANDARD = "gnu++20";
				CLANG_ENABLE_MODULES = YES;
				CLANG_ENABLE_OBJC_ARC = YES;
				CLANG_ENABLE_OBJC_WEAK = YES;
				CLANG_WARN_BLOCK_CAPTURE_AUTORELEASING = YES;
				CLANG_WARN_BOOL_CONVERSION = YES;
				CLANG_WARN_COMMA = YES;
				CLANG_WARN_CONSTANT_CONVERSION = YES;
				CLANG_WARN_DEPRECATED_OBJC_IMPLEMENTATIONS = YES;
				CLANG_WARN_DIRECT_OBJC_ISA_USAGE = YES_ERROR;
				CLANG_WARN_DOCUMENTATION_COMMENTS = YES;
				CLANG_WARN_EMPTY_BODY = YES;
				CLANG_WARN_ENUM_CONVERSION = YES;
				CLANG_WARN_INFINITE_RECURSION = YES;
				CLANG_WARN_INT_CONVERSION = YES;
				CLANG_WARN_NON_LITERAL_NULL_CONVERSION = YES;
				CLANG_WARN_OBJC_IMPLICIT_RETAIN_SELF = YES;
				CLANG_WARN_OBJC_LITERAL_CONVERSION = YES;
				CLANG_WARN_OBJC_ROOT_CLASS = YES_ERROR;
				CLANG_WARN_QUOTED_INCLUDE_IN_FRAMEWORK_HEADER = YES;
				CLANG_WARN_RANGE_LOOP_ANALYSIS = YES;
				CLANG_WARN_STRICT_PROTOTYPES = YES;
				CLANG_WARN_SUSPICIOUS_MOVE = YES;
				CLANG_WARN_UNGUARDED_AVAILABILITY = YES_AGGRESSIVE;
				CLANG_WARN_UNREACHABLE_CODE = YES;
				CLANG_WARN__DUPLICATE_METHOD_MATCH = YES;
				COPY_PHASE_STRIP = NO;
				DEBUG_INFORMATION_FORMAT = dwarf;
				ENABLE_STRICT_OBJC_MSGSEND = YES;
				ENABLE_TESTABILITY = YES;
				ENABLE_USER_SCRIPT_SANDBOXING = YES;
				GCC_C_LANGUAGE_STANDARD = gnu17;
				GCC_DYNAMIC_NO_PIC = NO;
				GCC_NO_COMMON_BLOCKS = YES;
				GCC_OPTIMIZATION_LEVEL = 0;
				GCC_PREPROCESSOR_DEFINITIONS = (
					"DEBUG=1",
					"$(inherited)",
				);
				GCC_WARN_64_TO_32_BIT_CONVERSION = YES;
				GCC_WARN_ABOUT_RETURN_TYPE = YES_ERROR;
				GCC_WARN_UNDECLARED_SELECTOR = YES;
				GCC_WARN_UNINITIALIZED_AUTOS = YES_AGGRESSIVE;
				GCC_WARN_UNUSED_FUNCTION = YES;
				GCC_WARN_UNUSED_VARIABLE = YES;
				IPHONEOS_DEPLOYMENT_TARGET = 17.2;
				LOCALIZATION_PREFERS_STRING_CATALOGS = YES;
				MTL_ENABLE_DEBUG_INFO = INCLUDE_SOURCE;
				MTL_FAST_MATH = YES;
				ONLY_ACTIVE_ARCH = YES;
				SDKROOT = iphoneos;
				SWIFT_ACTIVE_COMPILATION_CONDITIONS = "DEBUG $(inherited)";
				SWIFT_OPTIMIZATION_LEVEL = "-Onone";
			};
			name = Debug;
		};
		18B645482B6E17F300F57F3D /* Release */ = {
			isa = XCBuildConfiguration;
			buildSettings = {
				ALWAYS_SEARCH_USER_PATHS = NO;
				ASSETCATALOG_COMPILER_GENERATE_SWIFT_ASSET_SYMBOL_EXTENSIONS = YES;
				CLANG_ANALYZER_NONNULL = YES;
				CLANG_ANALYZER_NUMBER_OBJECT_CONVERSION = YES_AGGRESSIVE;
				CLANG_CXX_LANGUAGE_STANDARD = "gnu++20";
				CLANG_ENABLE_MODULES = YES;
				CLANG_ENABLE_OBJC_ARC = YES;
				CLANG_ENABLE_OBJC_WEAK = YES;
				CLANG_WARN_BLOCK_CAPTURE_AUTORELEASING = YES;
				CLANG_WARN_BOOL_CONVERSION = YES;
				CLANG_WARN_COMMA = YES;
				CLANG_WARN_CONSTANT_CONVERSION = YES;
				CLANG_WARN_DEPRECATED_OBJC_IMPLEMENTATIONS = YES;
				CLANG_WARN_DIRECT_OBJC_ISA_USAGE = YES_ERROR;
				CLANG_WARN_DOCUMENTATION_COMMENTS = YES;
				CLANG_WARN_EMPTY_BODY = YES;
				CLANG_WARN_ENUM_CONVERSION = YES;
				CLANG_WARN_INFINITE_RECURSION = YES;
				CLANG_WARN_INT_CONVERSION = YES;
				CLANG_WARN_NON_LITERAL_NULL_CONVERSION = YES;
				CLANG_WARN_OBJC_IMPLICIT_RETAIN_SELF = YES;
				CLANG_WARN_OBJC_LITERAL_CONVERSION = YES;
				CLANG_WARN_OBJC_ROOT_CLASS = YES_ERROR;
				CLANG_WARN_QUOTED_INCLUDE_IN_FRAMEWORK_HEADER = YES;
				CLANG_WARN_RANGE_LOOP_ANALYSIS = YES;
				CLANG_WARN_STRICT_PROTOTYPES = YES;
				CLANG_WARN_SUSPICIOUS_MOVE = YES;
				CLANG_WARN_UNGUARDED_AVAILABILITY = YES_AGGRESSIVE;
				CLANG_WARN_UNREACHABLE_CODE = YES;
				CLANG_WARN__DUPLICATE_METHOD_MATCH = YES;
				COPY_PHASE_STRIP = NO;
				DEBUG_INFORMATION_FORMAT = "dwarf-with-dsym";
				ENABLE_NS_ASSERTIONS = NO;
				ENABLE_STRICT_OBJC_MSGSEND = YES;
				ENABLE_USER_SCRIPT_SANDBOXING = YES;
				GCC_C_LANGUAGE_STANDARD = gnu17;
				GCC_NO_COMMON_BLOCKS = YES;
				GCC_WARN_64_TO_32_BIT_CONVERSION = YES;
				GCC_WARN_ABOUT_RETURN_TYPE = YES_ERROR;
				GCC_WARN_UNDECLARED_SELECTOR = YES;
				GCC_WARN_UNINITIALIZED_AUTOS = YES_AGGRESSIVE;
				GCC_WARN_UNUSED_FUNCTION = YES;
				GCC_WARN_UNUSED_VARIABLE = YES;
				IPHONEOS_DEPLOYMENT_TARGET = 17.2;
				LOCALIZATION_PREFERS_STRING_CATALOGS = YES;
				MTL_ENABLE_DEBUG_INFO = NO;
				MTL_FAST_MATH = YES;
				SDKROOT = iphoneos;
				SWIFT_COMPILATION_MODE = wholemodule;
				VALIDATE_PRODUCT = YES;
			};
			name = Release;
		};
		18B6454A2B6E17F300F57F3D /* Debug */ = {
			isa = XCBuildConfiguration;
			buildSettings = {
				ASSETCATALOG_COMPILER_APPICON_NAME = AppIcon;
				ASSETCATALOG_COMPILER_GLOBAL_ACCENT_COLOR_NAME = AccentColor;
				CODE_SIGN_STYLE = Automatic;
				CURRENT_PROJECT_VERSION = 1;
				DEVELOPMENT_ASSET_PATHS = "\"RedFinTestSwiftUI/Preview Content\"";
				DEVELOPMENT_TEAM = J58ZDFPQ77;
				ENABLE_PREVIEWS = YES;
				GENERATE_INFOPLIST_FILE = YES;
				INFOPLIST_KEY_UIApplicationSceneManifest_Generation = YES;
				INFOPLIST_KEY_UIApplicationSupportsIndirectInputEvents = YES;
				INFOPLIST_KEY_UILaunchScreen_Generation = YES;
				INFOPLIST_KEY_UISupportedInterfaceOrientations_iPad = "UIInterfaceOrientationPortrait UIInterfaceOrientationPortraitUpsideDown UIInterfaceOrientationLandscapeLeft UIInterfaceOrientationLandscapeRight";
				INFOPLIST_KEY_UISupportedInterfaceOrientations_iPhone = "UIInterfaceOrientationPortrait UIInterfaceOrientationLandscapeLeft UIInterfaceOrientationLandscapeRight";
				LD_RUNPATH_SEARCH_PATHS = (
					"$(inherited)",
					"@executable_path/Frameworks",
				);
				MARKETING_VERSION = 1.0;
				PRODUCT_BUNDLE_IDENTIFIER = example.RedFinTestSwiftUI;
				PRODUCT_NAME = "$(TARGET_NAME)";
				SUPPORTED_PLATFORMS = "iphoneos iphonesimulator";
				SUPPORTS_MACCATALYST = NO;
				SUPPORTS_MAC_DESIGNED_FOR_IPHONE_IPAD = NO;
				SWIFT_EMIT_LOC_STRINGS = YES;
				SWIFT_VERSION = 5.0;
				TARGETED_DEVICE_FAMILY = 1;
			};
			name = Debug;
		};
		18B6454B2B6E17F300F57F3D /* Release */ = {
			isa = XCBuildConfiguration;
			buildSettings = {
				ASSETCATALOG_COMPILER_APPICON_NAME = AppIcon;
				ASSETCATALOG_COMPILER_GLOBAL_ACCENT_COLOR_NAME = AccentColor;
				CODE_SIGN_STYLE = Automatic;
				CURRENT_PROJECT_VERSION = 1;
				DEVELOPMENT_ASSET_PATHS = "\"RedFinTestSwiftUI/Preview Content\"";
				DEVELOPMENT_TEAM = J58ZDFPQ77;
				ENABLE_PREVIEWS = YES;
				GENERATE_INFOPLIST_FILE = YES;
				INFOPLIST_KEY_UIApplicationSceneManifest_Generation = YES;
				INFOPLIST_KEY_UIApplicationSupportsIndirectInputEvents = YES;
				INFOPLIST_KEY_UILaunchScreen_Generation = YES;
				INFOPLIST_KEY_UISupportedInterfaceOrientations_iPad = "UIInterfaceOrientationPortrait UIInterfaceOrientationPortraitUpsideDown UIInterfaceOrientationLandscapeLeft UIInterfaceOrientationLandscapeRight";
				INFOPLIST_KEY_UISupportedInterfaceOrientations_iPhone = "UIInterfaceOrientationPortrait UIInterfaceOrientationLandscapeLeft UIInterfaceOrientationLandscapeRight";
				LD_RUNPATH_SEARCH_PATHS = (
					"$(inherited)",
					"@executable_path/Frameworks",
				);
				MARKETING_VERSION = 1.0;
				PRODUCT_BUNDLE_IDENTIFIER = example.RedFinTestSwiftUI;
				PRODUCT_NAME = "$(TARGET_NAME)";
				SUPPORTED_PLATFORMS = "iphoneos iphonesimulator";
				SUPPORTS_MACCATALYST = NO;
				SUPPORTS_MAC_DESIGNED_FOR_IPHONE_IPAD = NO;
				SWIFT_EMIT_LOC_STRINGS = YES;
				SWIFT_VERSION = 5.0;
				TARGETED_DEVICE_FAMILY = 1;
			};
			name = Release;
		};
		18B6454D2B6E17F300F57F3D /* Debug */ = {
			isa = XCBuildConfiguration;
			buildSettings = {
				ALWAYS_EMBED_SWIFT_STANDARD_LIBRARIES = YES;
				BUNDLE_LOADER = "$(TEST_HOST)";
				CODE_SIGN_STYLE = Automatic;
				CURRENT_PROJECT_VERSION = 1;
				DEVELOPMENT_TEAM = J58ZDFPQ77;
				GENERATE_INFOPLIST_FILE = YES;
				IPHONEOS_DEPLOYMENT_TARGET = 17.2;
				MARKETING_VERSION = 1.0;
				PRODUCT_BUNDLE_IDENTIFIER = example.RedFinTestSwiftUITests;
				PRODUCT_NAME = "$(TARGET_NAME)";
				SWIFT_EMIT_LOC_STRINGS = NO;
				SWIFT_VERSION = 5.0;
				TARGETED_DEVICE_FAMILY = "1,2";
				TEST_HOST = "$(BUILT_PRODUCTS_DIR)/RedFinTestSwiftUI.app/$(BUNDLE_EXECUTABLE_FOLDER_PATH)/RedFinTestSwiftUI";
			};
			name = Debug;
		};
		18B6454E2B6E17F300F57F3D /* Release */ = {
			isa = XCBuildConfiguration;
			buildSettings = {
				ALWAYS_EMBED_SWIFT_STANDARD_LIBRARIES = YES;
				BUNDLE_LOADER = "$(TEST_HOST)";
				CODE_SIGN_STYLE = Automatic;
				CURRENT_PROJECT_VERSION = 1;
				DEVELOPMENT_TEAM = J58ZDFPQ77;
				GENERATE_INFOPLIST_FILE = YES;
				IPHONEOS_DEPLOYMENT_TARGET = 17.2;
				MARKETING_VERSION = 1.0;
				PRODUCT_BUNDLE_IDENTIFIER = example.RedFinTestSwiftUITests;
				PRODUCT_NAME = "$(TARGET_NAME)";
				SWIFT_EMIT_LOC_STRINGS = NO;
				SWIFT_VERSION = 5.0;
				TARGETED_DEVICE_FAMILY = "1,2";
				TEST_HOST = "$(BUILT_PRODUCTS_DIR)/RedFinTestSwiftUI.app/$(BUNDLE_EXECUTABLE_FOLDER_PATH)/RedFinTestSwiftUI";
			};
			name = Release;
		};
		18B645502B6E17F300F57F3D /* Debug */ = {
			isa = XCBuildConfiguration;
			buildSettings = {
				ALWAYS_EMBED_SWIFT_STANDARD_LIBRARIES = YES;
				CODE_SIGN_STYLE = Automatic;
				CURRENT_PROJECT_VERSION = 1;
				DEVELOPMENT_TEAM = J58ZDFPQ77;
				GENERATE_INFOPLIST_FILE = YES;
				MARKETING_VERSION = 1.0;
				PRODUCT_BUNDLE_IDENTIFIER = example.RedFinTestSwiftUIUITests;
				PRODUCT_NAME = "$(TARGET_NAME)";
				SWIFT_EMIT_LOC_STRINGS = NO;
				SWIFT_VERSION = 5.0;
				TARGETED_DEVICE_FAMILY = "1,2";
				TEST_TARGET_NAME = RedFinTestSwiftUI;
			};
			name = Debug;
		};
		18B645512B6E17F300F57F3D /* Release */ = {
			isa = XCBuildConfiguration;
			buildSettings = {
				ALWAYS_EMBED_SWIFT_STANDARD_LIBRARIES = YES;
				CODE_SIGN_STYLE = Automatic;
				CURRENT_PROJECT_VERSION = 1;
				DEVELOPMENT_TEAM = J58ZDFPQ77;
				GENERATE_INFOPLIST_FILE = YES;
				MARKETING_VERSION = 1.0;
				PRODUCT_BUNDLE_IDENTIFIER = example.RedFinTestSwiftUIUITests;
				PRODUCT_NAME = "$(TARGET_NAME)";
				SWIFT_EMIT_LOC_STRINGS = NO;
				SWIFT_VERSION = 5.0;
				TARGETED_DEVICE_FAMILY = "1,2";
				TEST_TARGET_NAME = RedFinTestSwiftUI;
			};
			name = Release;
		};
/* End XCBuildConfiguration section */

/* Begin XCConfigurationList section */
		18B645202B6E17F100F57F3D /* Build configuration list for PBXProject "RedFinTestSwiftUI" */ = {
			isa = XCConfigurationList;
			buildConfigurations = (
				18B645472B6E17F300F57F3D /* Debug */,
				18B645482B6E17F300F57F3D /* Release */,
			);
			defaultConfigurationIsVisible = 0;
			defaultConfigurationName = Release;
		};
		18B645492B6E17F300F57F3D /* Build configuration list for PBXNativeTarget "RedFinTestSwiftUI" */ = {
			isa = XCConfigurationList;
			buildConfigurations = (
				18B6454A2B6E17F300F57F3D /* Debug */,
				18B6454B2B6E17F300F57F3D /* Release */,
			);
			defaultConfigurationIsVisible = 0;
			defaultConfigurationName = Release;
		};
		18B6454C2B6E17F300F57F3D /* Build configuration list for PBXNativeTarget "RedFinTestSwiftUITests" */ = {
			isa = XCConfigurationList;
			buildConfigurations = (
				18B6454D2B6E17F300F57F3D /* Debug */,
				18B6454E2B6E17F300F57F3D /* Release */,
			);
			defaultConfigurationIsVisible = 0;
			defaultConfigurationName = Release;
		};
		18B6454F2B6E17F300F57F3D /* Build configuration list for PBXNativeTarget "RedFinTestSwiftUIUITests" */ = {
			isa = XCConfigurationList;
			buildConfigurations = (
				18B645502B6E17F300F57F3D /* Debug */,
				18B645512B6E17F300F57F3D /* Release */,
			);
			defaultConfigurationIsVisible = 0;
			defaultConfigurationName = Release;
		};
/* End XCConfigurationList section */
	};
	rootObject = 18B6451D2B6E17F100F57F3D /* Project object */;
}
